
Microsoft Visual Studio Solution File, Format Version 12.00
# Visual Studio Version 17
VisualStudioVersion = 17.5.33530.505
MinimumVisualStudioVersion = 10.0.40219.1
Project("{8BC9CEB8-8B4A-11D0-8D11-00A0C91BC942}") = "halcon打开自定义窗口", "halcon打开自定义窗口\halcon打开自定义窗口.vcxproj", "{D0422732-B722-4B3B-A735-A787D0ECB4B7}"
EndProject
Global
	GlobalSection(SolutionConfigurationPlatforms) = preSolution
		Debug|x64 = Debug|x64
		Debug|x86 = Debug|x86
		Release|x64 = Release|x64
		Release|x86 = Release|x86
	EndGlobalSection
	GlobalSection(ProjectConfigurationPlatforms) = postSolution
		{D0422732-B722-4B3B-A735-A787D0ECB4B7}.Debug|x64.ActiveCfg = Debug|x64
		{D0422732-B722-4B3B-A735-A787D0ECB4B7}.Debug|x64.Build.0 = Debug|x64
		{D0422732-B722-4B3B-A735-A787D0ECB4B7}.Debug|x86.ActiveCfg = Debug|Win32
		{D0422732-B722-4B3B-A735-A787D0ECB4B7}.Debug|x86.Build.0 = Debug|Win32
		{D0422732-B722-4B3B-A735-A787D0ECB4B7}.Release|x64.ActiveCfg = Release|x64
		{D0422732-B722-4B3B-A735-A787D0ECB4B7}.Release|x64.Build.0 = Release|x64
		{D0422732-B722-4B3B-A735-A787D0ECB4B7}.Release|x86.ActiveCfg = Release|Win32
		{D0422732-B722-4B3B-A735-A787D0ECB4B7}.Release|x86.Build.0 = Release|Win32
	EndGlobalSection
	GlobalSection(SolutionProperties) = preSolution
		HideSolutionNode = FALSE
	EndGlobalSection
	GlobalSection(ExtensibilityGlobals) = postSolution
		SolutionGuid = {4AEADBA4-C8D3-42D5-9829-DEC2B66495F1}
	EndGlobalSection
EndGlobal
